
Microsoft Visual Studio Solution File, Format Version 12.00
# Visual Studio 15
VisualStudioVersion = 15.0.27130.2010
MinimumVisualStudioVersion = 10.0.40219.1
Project("{FAE04EC0-301F-11D3-BF4B-00C04F79EFBC}") = "NetOData", "NetOData\NetOData.csproj", "{45E39735-3942-4B85-B1FB-E9047C7E1C2F}"
EndProject
Global
	GlobalSection(SolutionConfigurationPlatforms) = preSolution
		Debug|Any CPU = Debug|Any CPU
		Release|Any CPU = Release|Any CPU
	EndGlobalSection
	GlobalSection(ProjectConfigurationPlatforms) = postSolution
		{45E39735-3942-4B85-B1FB-E9047C7E1C2F}.Debug|Any CPU.ActiveCfg = Debug|Any CPU
		{45E39735-3942-4B85-B1FB-E9047C7E1C2F}.Debug|Any CPU.Build.0 = Debug|Any CPU
		{45E39735-3942-4B85-B1FB-E9047C7E1C2F}.Release|Any CPU.ActiveCfg = Release|Any CPU
		{45E39735-3942-4B85-B1FB-E9047C7E1C2F}.Release|Any CPU.Build.0 = Release|Any CPU
	EndGlobalSection
	GlobalSection(SolutionProperties) = preSolution
		HideSolutionNode = FALSE
	EndGlobalSection
	GlobalSection(ExtensibilityGlobals) = postSolution
		SolutionGuid = {A9C4BF4C-E38D-43F4-BE77-606FD2731FEC}
	EndGlobalSection
EndGlobal
